
Microsoft Visual Studio Solution File, Format Version 12.00
# Visual Studio Version 17
VisualStudioVersion = 17.4.33122.133
MinimumVisualStudioVersion = 10.0.40219.1
Project("{FAE04EC0-301F-11D3-BF4B-00C04F79EFBC}") = "Practica 2-15", "Practica 2-15\Practica 2-15.csproj", "{FED246F6-D50E-491B-8FAF-EDB67F1AC47F}"
EndProject
Global
	GlobalSection(SolutionConfigurationPlatforms) = preSolution
		Debug|Any CPU = Debug|Any CPU
		Release|Any CPU = Release|Any CPU
	EndGlobalSection
	GlobalSection(ProjectConfigurationPlatforms) = postSolution
		{FED246F6-D50E-491B-8FAF-EDB67F1AC47F}.Debug|Any CPU.ActiveCfg = Debug|Any CPU
		{FED246F6-D50E-491B-8FAF-EDB67F1AC47F}.Debug|Any CPU.Build.0 = Debug|Any CPU
		{FED246F6-D50E-491B-8FAF-EDB67F1AC47F}.Release|Any CPU.ActiveCfg = Release|Any CPU
		{FED246F6-D50E-491B-8FAF-EDB67F1AC47F}.Release|Any CPU.Build.0 = Release|Any CPU
	EndGlobalSection
	GlobalSection(SolutionProperties) = preSolution
		HideSolutionNode = FALSE
	EndGlobalSection
	GlobalSection(ExtensibilityGlobals) = postSolution
		SolutionGuid = {F696E259-D9AC-4BDF-94C1-AD69D92896DB}
	EndGlobalSection
EndGlobal
