
Microsoft Visual Studio Solution File, Format Version 12.00
# Visual Studio Version 17
VisualStudioVersion = 17.4.33122.133
MinimumVisualStudioVersion = 10.0.40219.1
Project("{FAE04EC0-301F-11D3-BF4B-00C04F79EFBC}") = "Practica 2-10", "Practica 2-10\Practica 2-10.csproj", "{8606599B-0CBA-4639-91CB-29C06855E0FA}"
EndProject
Global
	GlobalSection(SolutionConfigurationPlatforms) = preSolution
		Debug|Any CPU = Debug|Any CPU
		Release|Any CPU = Release|Any CPU
	EndGlobalSection
	GlobalSection(ProjectConfigurationPlatforms) = postSolution
		{8606599B-0CBA-4639-91CB-29C06855E0FA}.Debug|Any CPU.ActiveCfg = Debug|Any CPU
		{8606599B-0CBA-4639-91CB-29C06855E0FA}.Debug|Any CPU.Build.0 = Debug|Any CPU
		{8606599B-0CBA-4639-91CB-29C06855E0FA}.Release|Any CPU.ActiveCfg = Release|Any CPU
		{8606599B-0CBA-4639-91CB-29C06855E0FA}.Release|Any CPU.Build.0 = Release|Any CPU
	EndGlobalSection
	GlobalSection(SolutionProperties) = preSolution
		HideSolutionNode = FALSE
	EndGlobalSection
	GlobalSection(ExtensibilityGlobals) = postSolution
		SolutionGuid = {50C5D2F8-9E99-488A-9119-4BF9223F31BB}
	EndGlobalSection
EndGlobal
