
Microsoft Visual Studio Solution File, Format Version 12.00
# Visual Studio Version 17
VisualStudioVersion = 17.4.33122.133
MinimumVisualStudioVersion = 10.0.40219.1
Project("{FAE04EC0-301F-11D3-BF4B-00C04F79EFBC}") = "Practica 2-9", "Practica 2-9\Practica 2-9.csproj", "{76BD0CB8-E0D0-40F9-BBB3-7623773B6862}"
EndProject
Global
	GlobalSection(SolutionConfigurationPlatforms) = preSolution
		Debug|Any CPU = Debug|Any CPU
		Release|Any CPU = Release|Any CPU
	EndGlobalSection
	GlobalSection(ProjectConfigurationPlatforms) = postSolution
		{76BD0CB8-E0D0-40F9-BBB3-7623773B6862}.Debug|Any CPU.ActiveCfg = Debug|Any CPU
		{76BD0CB8-E0D0-40F9-BBB3-7623773B6862}.Debug|Any CPU.Build.0 = Debug|Any CPU
		{76BD0CB8-E0D0-40F9-BBB3-7623773B6862}.Release|Any CPU.ActiveCfg = Release|Any CPU
		{76BD0CB8-E0D0-40F9-BBB3-7623773B6862}.Release|Any CPU.Build.0 = Release|Any CPU
	EndGlobalSection
	GlobalSection(SolutionProperties) = preSolution
		HideSolutionNode = FALSE
	EndGlobalSection
	GlobalSection(ExtensibilityGlobals) = postSolution
		SolutionGuid = {BDF97C37-A22A-4BFA-8BDD-5CC37AD4720A}
	EndGlobalSection
EndGlobal
